
Microsoft Visual Studio Solution File, Format Version 12.00
# Visual Studio Version 17
VisualStudioVersion = 17.10.35004.147
MinimumVisualStudioVersion = 10.0.40219.1
Project("{FAE04EC0-301F-11D3-BF4B-00C04F79EFBC}") = "Maximum Xor", "Maximum Xor\Maximum Xor.csproj", "{8C9BDE73-0277-4A23-AD1B-DB99D06C3D79}"
EndProject
Global
	GlobalSection(SolutionConfigurationPlatforms) = preSolution
		Debug|Any CPU = Debug|Any CPU
		Release|Any CPU = Release|Any CPU
	EndGlobalSection
	GlobalSection(ProjectConfigurationPlatforms) = postSolution
		{8C9BDE73-0277-4A23-AD1B-DB99D06C3D79}.Debug|Any CPU.ActiveCfg = Debug|Any CPU
		{8C9BDE73-0277-4A23-AD1B-DB99D06C3D79}.Debug|Any CPU.Build.0 = Debug|Any CPU
		{8C9BDE73-0277-4A23-AD1B-DB99D06C3D79}.Release|Any CPU.ActiveCfg = Release|Any CPU
		{8C9BDE73-0277-4A23-AD1B-DB99D06C3D79}.Release|Any CPU.Build.0 = Release|Any CPU
	EndGlobalSection
	GlobalSection(SolutionProperties) = preSolution
		HideSolutionNode = FALSE
	EndGlobalSection
	GlobalSection(ExtensibilityGlobals) = postSolution
		SolutionGuid = {FCC2AE82-5ABF-4076-8DAE-35D8E769FC71}
	EndGlobalSection
EndGlobal
