
Microsoft Visual Studio Solution File, Format Version 12.00
# Visual Studio Version 17
VisualStudioVersion = 17.6.33829.357
MinimumVisualStudioVersion = 10.0.40219.1
Project("{FAE04EC0-301F-11D3-BF4B-00C04F79EFBC}") = "Triple sum", "Triple sum\Triple sum.csproj", "{737A2D29-9353-4E35-A298-246FBD7AB55D}"
EndProject
Global
	GlobalSection(SolutionConfigurationPlatforms) = preSolution
		Debug|Any CPU = Debug|Any CPU
		Release|Any CPU = Release|Any CPU
	EndGlobalSection
	GlobalSection(ProjectConfigurationPlatforms) = postSolution
		{737A2D29-9353-4E35-A298-246FBD7AB55D}.Debug|Any CPU.ActiveCfg = Debug|Any CPU
		{737A2D29-9353-4E35-A298-246FBD7AB55D}.Debug|Any CPU.Build.0 = Debug|Any CPU
		{737A2D29-9353-4E35-A298-246FBD7AB55D}.Release|Any CPU.ActiveCfg = Release|Any CPU
		{737A2D29-9353-4E35-A298-246FBD7AB55D}.Release|Any CPU.Build.0 = Release|Any CPU
	EndGlobalSection
	GlobalSection(SolutionProperties) = preSolution
		HideSolutionNode = FALSE
	EndGlobalSection
	GlobalSection(ExtensibilityGlobals) = postSolution
		SolutionGuid = {FBB03C05-4490-461D-AF34-40DCDA6923D3}
	EndGlobalSection
EndGlobal
