
Microsoft Visual Studio Solution File, Format Version 12.00
# Visual Studio Version 17
VisualStudioVersion = 17.6.33829.357
MinimumVisualStudioVersion = 10.0.40219.1
Project("{FAE04EC0-301F-11D3-BF4B-00C04F79EFBC}") = "Making Candies", "Making Candies\Making Candies.csproj", "{B0E35CE3-1C2A-400C-897C-9AD93C3D98B9}"
EndProject
Global
	GlobalSection(SolutionConfigurationPlatforms) = preSolution
		Debug|Any CPU = Debug|Any CPU
		Release|Any CPU = Release|Any CPU
	EndGlobalSection
	GlobalSection(ProjectConfigurationPlatforms) = postSolution
		{B0E35CE3-1C2A-400C-897C-9AD93C3D98B9}.Debug|Any CPU.ActiveCfg = Debug|Any CPU
		{B0E35CE3-1C2A-400C-897C-9AD93C3D98B9}.Debug|Any CPU.Build.0 = Debug|Any CPU
		{B0E35CE3-1C2A-400C-897C-9AD93C3D98B9}.Release|Any CPU.ActiveCfg = Release|Any CPU
		{B0E35CE3-1C2A-400C-897C-9AD93C3D98B9}.Release|Any CPU.Build.0 = Release|Any CPU
	EndGlobalSection
	GlobalSection(SolutionProperties) = preSolution
		HideSolutionNode = FALSE
	EndGlobalSection
	GlobalSection(ExtensibilityGlobals) = postSolution
		SolutionGuid = {0A13C4C8-EFC3-4545-9BDF-DB0BA623851E}
	EndGlobalSection
EndGlobal
