
Microsoft Visual Studio Solution File, Format Version 12.00
# Visual Studio Version 17
VisualStudioVersion = 17.10.35004.147
MinimumVisualStudioVersion = 10.0.40219.1
Project("{FAE04EC0-301F-11D3-BF4B-00C04F79EFBC}") = "Roads and Libraries", "Roads and Libraries\Roads and Libraries.csproj", "{48A02F62-DF72-4581-A7EE-1B5544FFC550}"
EndProject
Global
	GlobalSection(SolutionConfigurationPlatforms) = preSolution
		Debug|Any CPU = Debug|Any CPU
		Release|Any CPU = Release|Any CPU
	EndGlobalSection
	GlobalSection(ProjectConfigurationPlatforms) = postSolution
		{48A02F62-DF72-4581-A7EE-1B5544FFC550}.Debug|Any CPU.ActiveCfg = Debug|Any CPU
		{48A02F62-DF72-4581-A7EE-1B5544FFC550}.Debug|Any CPU.Build.0 = Debug|Any CPU
		{48A02F62-DF72-4581-A7EE-1B5544FFC550}.Release|Any CPU.ActiveCfg = Release|Any CPU
		{48A02F62-DF72-4581-A7EE-1B5544FFC550}.Release|Any CPU.Build.0 = Release|Any CPU
	EndGlobalSection
	GlobalSection(SolutionProperties) = preSolution
		HideSolutionNode = FALSE
	EndGlobalSection
	GlobalSection(ExtensibilityGlobals) = postSolution
		SolutionGuid = {DE5AFDB1-837B-4696-8DDF-D8FE7B51E90B}
	EndGlobalSection
EndGlobal
